
Microsoft Visual Studio Solution File, Format Version 12.00
# Visual Studio Version 16
VisualStudioVersion = 16.0.29102.190
MinimumVisualStudioVersion = 10.0.40219.1
Project("{FAE04EC0-301F-11D3-BF4B-00C04F79EFBC}") = "Змейка", "Змейка.csproj", "{02E8F5FA-F894-4ED8-A5D8-F282EF19C94E}"
EndProject
Global
	GlobalSection(SolutionConfigurationPlatforms) = preSolution
		Debug|Any CPU = Debug|Any CPU
		Release|Any CPU = Release|Any CPU
	EndGlobalSection
	GlobalSection(ProjectConfigurationPlatforms) = postSolution
		{02E8F5FA-F894-4ED8-A5D8-F282EF19C94E}.Debug|Any CPU.ActiveCfg = Debug|Any CPU
		{02E8F5FA-F894-4ED8-A5D8-F282EF19C94E}.Debug|Any CPU.Build.0 = Debug|Any CPU
		{02E8F5FA-F894-4ED8-A5D8-F282EF19C94E}.Release|Any CPU.ActiveCfg = Release|Any CPU
		{02E8F5FA-F894-4ED8-A5D8-F282EF19C94E}.Release|Any CPU.Build.0 = Release|Any CPU
	EndGlobalSection
	GlobalSection(SolutionProperties) = preSolution
		HideSolutionNode = FALSE
	EndGlobalSection
	GlobalSection(ExtensibilityGlobals) = postSolution
		SolutionGuid = {01D56437-B255-4C89-A467-101AE24D47FA}
	EndGlobalSection
EndGlobal
